
Microsoft Visual Studio Solution File, Format Version 12.00
# Visual Studio Version 17
VisualStudioVersion = 17.0.31903.59
MinimumVisualStudioVersion = 10.0.40219.1
Project("{FAE04EC0-301F-11D3-BF4B-00C04F79EFBC}") = "EtecVeiculos.Api", "EtecVeiculos.Api\EtecVeiculos.Api.csproj", "{397CDDFE-00D5-4254-B17B-EC6CEE3B2EFB}"
EndProject
Project("{FAE04EC0-301F-11D3-BF4B-00C04F79EFBC}") = "EtecVeiculos.UI", "EtecVeiculos.UI\EtecVeiculos.UI.csproj", "{F7FB5435-AAF2-410C-A5ED-69EEC616C904}"
EndProject
Global
	GlobalSection(SolutionConfigurationPlatforms) = preSolution
		Debug|Any CPU = Debug|Any CPU
		Release|Any CPU = Release|Any CPU
	EndGlobalSection
	GlobalSection(SolutionProperties) = preSolution
		HideSolutionNode = FALSE
	EndGlobalSection
	GlobalSection(ProjectConfigurationPlatforms) = postSolution
		{397CDDFE-00D5-4254-B17B-EC6CEE3B2EFB}.Debug|Any CPU.ActiveCfg = Debug|Any CPU
		{397CDDFE-00D5-4254-B17B-EC6CEE3B2EFB}.Debug|Any CPU.Build.0 = Debug|Any CPU
		{397CDDFE-00D5-4254-B17B-EC6CEE3B2EFB}.Release|Any CPU.ActiveCfg = Release|Any CPU
		{397CDDFE-00D5-4254-B17B-EC6CEE3B2EFB}.Release|Any CPU.Build.0 = Release|Any CPU
		{F7FB5435-AAF2-410C-A5ED-69EEC616C904}.Debug|Any CPU.ActiveCfg = Debug|Any CPU
		{F7FB5435-AAF2-410C-A5ED-69EEC616C904}.Debug|Any CPU.Build.0 = Debug|Any CPU
		{F7FB5435-AAF2-410C-A5ED-69EEC616C904}.Release|Any CPU.ActiveCfg = Release|Any CPU
		{F7FB5435-AAF2-410C-A5ED-69EEC616C904}.Release|Any CPU.Build.0 = Release|Any CPU
	EndGlobalSection
EndGlobal
